{
    "_readme": [
        "This file locks the dependencies of your project to a known state",
        "Read more about it at https://getcomposer.org/doc/01-basic-usage.md#composer-lock-the-lock-file",
        "This file is @generated automatically"
    ],
    "content-hash": "1e92f9307716b823f0b579d1d94fc904",
    "packages": [
        {
            "name": "daijie/aria2",
            "version": "v1.1",
            "source": {
                "type": "git",
                "url": "https://github.com/shiny/php-aria2.git",
                "reference": "2954b52c816154bbea035adfc00c200b575b284c"
            },
            "dist": {
                "type": "zip",
                "url": "https://api.github.com/repos/shiny/php-aria2/zipball/2954b52c816154bbea035adfc00c200b575b284c",
                "reference": "2954b52c816154bbea035adfc00c200b575b284c",
                "shasum": ""
            },
            "require": {
                "ext-curl": "*",
                "php": ">=5.4.0"
            },
            "type": "library",
            "autoload": {
                "psr-4": {
                    "": ""
                }
            },
            "notification-url": "https://packagist.org/downloads/",
            "license": [
                "WTFPL"
            ],
            "authors": [
                {
                    "name": "DaiJie",
                    "email": "daijie@php.net"
                }
            ],
            "description": "talk with aria2",
            "homepage": "https://github.com/shiny/php-aria2",
            "keywords": [
                "aria2"
            ],
            "time": "2017-01-03T11:23:36+00:00"
        },
        {
            "name": "pusher/pusher-php-server",
            "version": "v3.0.1",
            "source": {
                "type": "git",
                "url": "https://github.com/pusher/pusher-http-php.git",
                "reference": "03d3417748fc70a889c97271e25e282ff1ff0ae3"
            },
            "dist": {
                "type": "zip",
                "url": "https://api.github.com/repos/pusher/pusher-http-php/zipball/03d3417748fc70a889c97271e25e282ff1ff0ae3",
                "reference": "03d3417748fc70a889c97271e25e282ff1ff0ae3",
                "shasum": ""
            },
            "require": {
                "ext-curl": "*",
                "php": "^5.4 || ^7.0"
            },
            "require-dev": {
                "phpunit/phpunit": "^4.8 || ^5.7"
            },
            "type": "library",
            "extra": {
                "branch-alias": {
                    "dev-master": "3.0-dev"
                }
            },
            "autoload": {
                "psr-4": {
                    "Pusher\\": "src/"
                }
            },
            "notification-url": "https://packagist.org/downloads/",
            "license": [
                "MIT"
            ],
            "description": "Library for interacting with the Pusher REST API",
            "keywords": [
                "events",
                "messaging",
                "php-pusher-server",
                "publish",
                "push",
                "pusher",
                "real time",
                "real-time",
                "realtime",
                "rest",
                "trigger"
            ],
            "time": "2017-10-20T11:18:01+00:00"
        },
        {
            "name": "symfony/process",
            "version": "v4.0.6",
            "source": {
                "type": "git",
                "url": "https://github.com/symfony/process.git",
                "reference": "6ed08502a7c9559da8e60ea343bdbd19c3350b3e"
            },
            "dist": {
                "type": "zip",
                "url": "https://api.github.com/repos/symfony/process/zipball/6ed08502a7c9559da8e60ea343bdbd19c3350b3e",
                "reference": "6ed08502a7c9559da8e60ea343bdbd19c3350b3e",
                "shasum": ""
            },
            "require": {
                "php": "^7.1.3"
            },
            "type": "library",
            "extra": {
                "branch-alias": {
                    "dev-master": "4.0-dev"
                }
            },
            "autoload": {
                "psr-4": {
                    "Symfony\\Component\\Process\\": ""
                },
                "exclude-from-classmap": [
                    "/Tests/"
                ]
            },
            "notification-url": "https://packagist.org/downloads/",
            "license": [
                "MIT"
            ],
            "authors": [
                {
                    "name": "Fabien Potencier",
                    "email": "fabien@symfony.com"
                },
                {
                    "name": "Symfony Community",
                    "homepage": "https://symfony.com/contributors"
                }
            ],
            "description": "Symfony Process Component",
            "homepage": "https://symfony.com",
            "time": "2018-02-19T12:18:43+00:00"
        }
    ],
    "packages-dev": [],
    "aliases": [],
    "minimum-stability": "stable",
    "stability-flags": [],
    "prefer-stable": false,
    "prefer-lowest": false,
    "platform": [],
    "platform-dev": []
}
